
Microsoft Visual Studio Solution File, Format Version 12.00
# Visual Studio 15
VisualStudioVersion = 15.0.28307.572
MinimumVisualStudioVersion = 10.0.40219.1
Project("{9A19103F-16F7-4668-BE54-9A1E7A4F7556}") = "MirumDDD.Repository", "MirumDDD.Repository\MirumDDD.Repository.csproj", "{6F38BD5C-B259-44B1-AC8E-8C7B19181239}"
EndProject
Project("{9A19103F-16F7-4668-BE54-9A1E7A4F7556}") = "MirumDDD.CrossCutting", "MirumDDD.CrossCutting\MirumDDD.CrossCutting.csproj", "{64CA1040-CC18-4426-B281-C736A72497A6}"
EndProject
Project("{9A19103F-16F7-4668-BE54-9A1E7A4F7556}") = "MirumDDD.IoC", "MirumDDD.IoC\MirumDDD.IoC.csproj", "{7ECFD6F9-3E8E-46D3-B0E0-6ABF17C37DC6}"
EndProject
Project("{9A19103F-16F7-4668-BE54-9A1E7A4F7556}") = "MirumDDD.Domain", "MirumDDD.Domain\MirumDDD.Domain.csproj", "{1ACD634C-7E3B-477E-9F45-C5666417C03C}"
EndProject
Project("{9A19103F-16F7-4668-BE54-9A1E7A4F7556}") = "MirumDDD.Service", "MirumDDD.Service\MirumDDD.Service.csproj", "{7F702156-F93E-4D56-97B3-F6C64A008EE6}"
EndProject
Project("{9A19103F-16F7-4668-BE54-9A1E7A4F7556}") = "MirumDDD.Api", "MirumDDD.Api\MirumDDD.Api.csproj", "{B115DCB9-8192-42C2-8BEC-981580C57479}"
EndProject
Project("{9A19103F-16F7-4668-BE54-9A1E7A4F7556}") = "MirumDDD.Mvc", "MirumDDD.Mvc\MirumDDD.Mvc.csproj", "{014F0EC4-DFBC-4396-A1CC-93527297F633}"
EndProject
Project("{FAE04EC0-301F-11D3-BF4B-00C04F79EFBC}") = "MirumDDD.Infra.Core", "MirumDDD.Infra.Core\MirumDDD.Infra.Core.csproj", "{E6E9902E-46BE-413C-BEA7-9B09E0216299}"
EndProject
Global
	GlobalSection(SolutionConfigurationPlatforms) = preSolution
		Debug|Any CPU = Debug|Any CPU
		Release|Any CPU = Release|Any CPU
	EndGlobalSection
	GlobalSection(ProjectConfigurationPlatforms) = postSolution
		{6F38BD5C-B259-44B1-AC8E-8C7B19181239}.Debug|Any CPU.ActiveCfg = Debug|Any CPU
		{6F38BD5C-B259-44B1-AC8E-8C7B19181239}.Debug|Any CPU.Build.0 = Debug|Any CPU
		{6F38BD5C-B259-44B1-AC8E-8C7B19181239}.Release|Any CPU.ActiveCfg = Release|Any CPU
		{6F38BD5C-B259-44B1-AC8E-8C7B19181239}.Release|Any CPU.Build.0 = Release|Any CPU
		{64CA1040-CC18-4426-B281-C736A72497A6}.Debug|Any CPU.ActiveCfg = Debug|Any CPU
		{64CA1040-CC18-4426-B281-C736A72497A6}.Debug|Any CPU.Build.0 = Debug|Any CPU
		{64CA1040-CC18-4426-B281-C736A72497A6}.Release|Any CPU.ActiveCfg = Release|Any CPU
		{64CA1040-CC18-4426-B281-C736A72497A6}.Release|Any CPU.Build.0 = Release|Any CPU
		{7ECFD6F9-3E8E-46D3-B0E0-6ABF17C37DC6}.Debug|Any CPU.ActiveCfg = Debug|Any CPU
		{7ECFD6F9-3E8E-46D3-B0E0-6ABF17C37DC6}.Debug|Any CPU.Build.0 = Debug|Any CPU
		{7ECFD6F9-3E8E-46D3-B0E0-6ABF17C37DC6}.Release|Any CPU.ActiveCfg = Release|Any CPU
		{7ECFD6F9-3E8E-46D3-B0E0-6ABF17C37DC6}.Release|Any CPU.Build.0 = Release|Any CPU
		{1ACD634C-7E3B-477E-9F45-C5666417C03C}.Debug|Any CPU.ActiveCfg = Debug|Any CPU
		{1ACD634C-7E3B-477E-9F45-C5666417C03C}.Debug|Any CPU.Build.0 = Debug|Any CPU
		{1ACD634C-7E3B-477E-9F45-C5666417C03C}.Release|Any CPU.ActiveCfg = Release|Any CPU
		{1ACD634C-7E3B-477E-9F45-C5666417C03C}.Release|Any CPU.Build.0 = Release|Any CPU
		{7F702156-F93E-4D56-97B3-F6C64A008EE6}.Debug|Any CPU.ActiveCfg = Debug|Any CPU
		{7F702156-F93E-4D56-97B3-F6C64A008EE6}.Debug|Any CPU.Build.0 = Debug|Any CPU
		{7F702156-F93E-4D56-97B3-F6C64A008EE6}.Release|Any CPU.ActiveCfg = Release|Any CPU
		{7F702156-F93E-4D56-97B3-F6C64A008EE6}.Release|Any CPU.Build.0 = Release|Any CPU
		{B115DCB9-8192-42C2-8BEC-981580C57479}.Debug|Any CPU.ActiveCfg = Debug|Any CPU
		{B115DCB9-8192-42C2-8BEC-981580C57479}.Debug|Any CPU.Build.0 = Debug|Any CPU
		{B115DCB9-8192-42C2-8BEC-981580C57479}.Release|Any CPU.ActiveCfg = Release|Any CPU
		{B115DCB9-8192-42C2-8BEC-981580C57479}.Release|Any CPU.Build.0 = Release|Any CPU
		{014F0EC4-DFBC-4396-A1CC-93527297F633}.Debug|Any CPU.ActiveCfg = Debug|Any CPU
		{014F0EC4-DFBC-4396-A1CC-93527297F633}.Debug|Any CPU.Build.0 = Debug|Any CPU
		{014F0EC4-DFBC-4396-A1CC-93527297F633}.Release|Any CPU.ActiveCfg = Release|Any CPU
		{014F0EC4-DFBC-4396-A1CC-93527297F633}.Release|Any CPU.Build.0 = Release|Any CPU
		{E6E9902E-46BE-413C-BEA7-9B09E0216299}.Debug|Any CPU.ActiveCfg = Debug|Any CPU
		{E6E9902E-46BE-413C-BEA7-9B09E0216299}.Debug|Any CPU.Build.0 = Debug|Any CPU
		{E6E9902E-46BE-413C-BEA7-9B09E0216299}.Release|Any CPU.ActiveCfg = Release|Any CPU
		{E6E9902E-46BE-413C-BEA7-9B09E0216299}.Release|Any CPU.Build.0 = Release|Any CPU
	EndGlobalSection
	GlobalSection(SolutionProperties) = preSolution
		HideSolutionNode = FALSE
	EndGlobalSection
	GlobalSection(ExtensibilityGlobals) = postSolution
		SolutionGuid = {46B383F5-C029-4D94-8F3D-73E0AC49EB6B}
	EndGlobalSection
EndGlobal
